
Microsoft Visual Studio Solution File, Format Version 12.00
# Visual Studio 15
VisualStudioVersion = 15.0.26730.16
MinimumVisualStudioVersion = 10.0.40219.1
Project("{FAE04EC0-301F-11D3-BF4B-00C04F79EFBC}") = "GaleriaLibros", "GaleriaLibros\GaleriaLibros.csproj", "{FE0CD38B-7CD1-4F13-B7B8-45A3D7AB73D6}"
EndProject
Global
	GlobalSection(SolutionConfigurationPlatforms) = preSolution
		Debug|Any CPU = Debug|Any CPU
		Release|Any CPU = Release|Any CPU
	EndGlobalSection
	GlobalSection(ProjectConfigurationPlatforms) = postSolution
		{FE0CD38B-7CD1-4F13-B7B8-45A3D7AB73D6}.Debug|Any CPU.ActiveCfg = Debug|Any CPU
		{FE0CD38B-7CD1-4F13-B7B8-45A3D7AB73D6}.Debug|Any CPU.Build.0 = Debug|Any CPU
		{FE0CD38B-7CD1-4F13-B7B8-45A3D7AB73D6}.Release|Any CPU.ActiveCfg = Release|Any CPU
		{FE0CD38B-7CD1-4F13-B7B8-45A3D7AB73D6}.Release|Any CPU.Build.0 = Release|Any CPU
	EndGlobalSection
	GlobalSection(SolutionProperties) = preSolution
		HideSolutionNode = FALSE
	EndGlobalSection
	GlobalSection(ExtensibilityGlobals) = postSolution
		SolutionGuid = {A6C44895-86FB-4342-BB7D-11467A7B2FC8}
	EndGlobalSection
EndGlobal
